
Microsoft Visual Studio Solution File, Format Version 12.00
# Visual Studio Version 17
VisualStudioVersion = 17.14.36408.4 d17.14
MinimumVisualStudioVersion = 10.0.40219.1
Project("{FAE04EC0-301F-11D3-BF4B-00C04F79EFBC}") = "minimalCRUDPlayground", "minimalCRUDPlayground\minimalCRUDPlayground.csproj", "{DA555C39-793E-4F1D-8358-54283BEDE5C7}"
EndProject
Global
	GlobalSection(SolutionConfigurationPlatforms) = preSolution
		Debug|Any CPU = Debug|Any CPU
		Release|Any CPU = Release|Any CPU
	EndGlobalSection
	GlobalSection(ProjectConfigurationPlatforms) = postSolution
		{DA555C39-793E-4F1D-8358-54283BEDE5C7}.Debug|Any CPU.ActiveCfg = Debug|Any CPU
		{DA555C39-793E-4F1D-8358-54283BEDE5C7}.Debug|Any CPU.Build.0 = Debug|Any CPU
		{DA555C39-793E-4F1D-8358-54283BEDE5C7}.Release|Any CPU.ActiveCfg = Release|Any CPU
		{DA555C39-793E-4F1D-8358-54283BEDE5C7}.Release|Any CPU.Build.0 = Release|Any CPU
	EndGlobalSection
	GlobalSection(SolutionProperties) = preSolution
		HideSolutionNode = FALSE
	EndGlobalSection
	GlobalSection(ExtensibilityGlobals) = postSolution
		SolutionGuid = {51662E1E-A519-4665-BE98-0BAAAE552C55}
	EndGlobalSection
EndGlobal
